
Microsoft Visual Studio Solution File, Format Version 12.00
# Visual Studio Version 16
VisualStudioVersion = 16.0.30611.23
MinimumVisualStudioVersion = 10.0.40219.1
Project("{8BC9CEB8-8B4A-11D0-8D11-00A0C91BC942}") = "DSA_Week06", "DSA_Week06.vcxproj", "{C79F024C-2A00-4368-A911-C80A8E4EDB7F}"
EndProject
Global
	GlobalSection(SolutionConfigurationPlatforms) = preSolution
		Debug|x64 = Debug|x64
		Debug|x86 = Debug|x86
		Release|x64 = Release|x64
		Release|x86 = Release|x86
	EndGlobalSection
	GlobalSection(ProjectConfigurationPlatforms) = postSolution
		{C79F024C-2A00-4368-A911-C80A8E4EDB7F}.Debug|x64.ActiveCfg = Debug|x64
		{C79F024C-2A00-4368-A911-C80A8E4EDB7F}.Debug|x64.Build.0 = Debug|x64
		{C79F024C-2A00-4368-A911-C80A8E4EDB7F}.Debug|x86.ActiveCfg = Debug|Win32
		{C79F024C-2A00-4368-A911-C80A8E4EDB7F}.Debug|x86.Build.0 = Debug|Win32
		{C79F024C-2A00-4368-A911-C80A8E4EDB7F}.Release|x64.ActiveCfg = Release|x64
		{C79F024C-2A00-4368-A911-C80A8E4EDB7F}.Release|x64.Build.0 = Release|x64
		{C79F024C-2A00-4368-A911-C80A8E4EDB7F}.Release|x86.ActiveCfg = Release|Win32
		{C79F024C-2A00-4368-A911-C80A8E4EDB7F}.Release|x86.Build.0 = Release|Win32
	EndGlobalSection
	GlobalSection(SolutionProperties) = preSolution
		HideSolutionNode = FALSE
	EndGlobalSection
	GlobalSection(ExtensibilityGlobals) = postSolution
		SolutionGuid = {D1E191FD-9350-4AFE-8CAD-0A32E1DDDA41}
	EndGlobalSection
EndGlobal
